
Microsoft Visual Studio Solution File, Format Version 12.00
# Visual Studio Version 17
VisualStudioVersion = 17.8.34408.163
MinimumVisualStudioVersion = 10.0.40219.1
Project("{FAE04EC0-301F-11D3-BF4B-00C04F79EFBC}") = "ConsoleApp1", "ConsoleApp1\ConsoleApp1.csproj", "{10D645EE-6F4B-4261-8E7B-32BF3B96BDF3}"
EndProject
Project("{FAE04EC0-301F-11D3-BF4B-00C04F79EFBC}") = "WindowApp1", "WindowApp1\WindowApp1.csproj", "{6EF03081-9FD8-4394-93AE-350923022B0D}"
EndProject
Project("{FAE04EC0-301F-11D3-BF4B-00C04F79EFBC}") = "WebApiApp1", "WebApiApp1\WebApiApp1.csproj", "{87B6E9AD-037A-4F15-9332-7FCEBE75FFFD}"
EndProject
Global
	GlobalSection(SolutionConfigurationPlatforms) = preSolution
		Debug|Any CPU = Debug|Any CPU
		Release|Any CPU = Release|Any CPU
	EndGlobalSection
	GlobalSection(ProjectConfigurationPlatforms) = postSolution
		{10D645EE-6F4B-4261-8E7B-32BF3B96BDF3}.Debug|Any CPU.ActiveCfg = Debug|Any CPU
		{10D645EE-6F4B-4261-8E7B-32BF3B96BDF3}.Debug|Any CPU.Build.0 = Debug|Any CPU
		{10D645EE-6F4B-4261-8E7B-32BF3B96BDF3}.Release|Any CPU.ActiveCfg = Release|Any CPU
		{10D645EE-6F4B-4261-8E7B-32BF3B96BDF3}.Release|Any CPU.Build.0 = Release|Any CPU
		{6EF03081-9FD8-4394-93AE-350923022B0D}.Debug|Any CPU.ActiveCfg = Debug|Any CPU
		{6EF03081-9FD8-4394-93AE-350923022B0D}.Debug|Any CPU.Build.0 = Debug|Any CPU
		{6EF03081-9FD8-4394-93AE-350923022B0D}.Release|Any CPU.ActiveCfg = Release|Any CPU
		{6EF03081-9FD8-4394-93AE-350923022B0D}.Release|Any CPU.Build.0 = Release|Any CPU
		{87B6E9AD-037A-4F15-9332-7FCEBE75FFFD}.Debug|Any CPU.ActiveCfg = Debug|Any CPU
		{87B6E9AD-037A-4F15-9332-7FCEBE75FFFD}.Debug|Any CPU.Build.0 = Debug|Any CPU
		{87B6E9AD-037A-4F15-9332-7FCEBE75FFFD}.Release|Any CPU.ActiveCfg = Release|Any CPU
		{87B6E9AD-037A-4F15-9332-7FCEBE75FFFD}.Release|Any CPU.Build.0 = Release|Any CPU
	EndGlobalSection
	GlobalSection(SolutionProperties) = preSolution
		HideSolutionNode = FALSE
	EndGlobalSection
	GlobalSection(ExtensibilityGlobals) = postSolution
		SolutionGuid = {69D73017-1160-4B2A-8960-D2992CD81F09}
	EndGlobalSection
EndGlobal
